{
  "name": "node-express-shop",
  "version": "1.4.2",
  "lockfileVersion": 3,
  "requires": true,
  "packages": {
    "": { "name": "node-express-shop", "version": "1.4.2", "dependencies": { "express": "^4.19.2", "pg": "^8.11.5", "stripe": "^15.8.0", "zod": "^3.23.8" }, "devDependencies": { "typescript": "^5.5.4", "vitest": "^2.0.5" } },
    "node_modules/express": { "version": "4.19.2", "resolved": "https://registry.npmjs.org/express/-/express-4.19.2.tgz", "integrity": "sha512-5T6nhjsT+EOMzuck8JjBHARTHfMht0POzlA60WV2pMD3gyXw2LZnZ+ueGdNxG+0calOJcWKbpFcuzLZ91YWq9w==" },
    "node_modules/pg": { "version": "8.11.5", "resolved": "https://registry.npmjs.org/pg/-/pg-8.11.5.tgz", "integrity": "sha512-jqgNHSKL5cbDjFlHyYsCXmQDrfIvrM4LoE+rVv/1F0NBwBjDDJ0+3OeH6d4dYX0RLPRVJ+5SR9bQKjQWkdc4Rg==" },
    "node_modules/stripe": { "version": "15.8.0", "resolved": "https://registry.npmjs.org/stripe/-/stripe-15.8.0.tgz", "integrity": "sha512-qbbRTG7ppwuFUW07SYxnB4lYYT0ozrJHLGF5FgBiHtCHNxyYwHc3sk1GfhHHUBWo8UPwpY+dsO2HdQC4EyURcg==" },
    "node_modules/zod": { "version": "3.23.8", "resolved": "https://registry.npmjs.org/zod/-/zod-3.23.8.tgz", "integrity": "sha512-XBx9AXhXktjUqnepgTiE5flcKIYWi/rme0Eaj+5Y0lftuGBq+jyRu/md4WnuxqgP1ubdpNCsYEYPxrzVHD8d6g==" },
    "node_modules/typescript": { "version": "5.5.4", "dev": true, "resolved": "https://registry.npmjs.org/typescript/-/typescript-5.5.4.tgz", "integrity": "sha512-Mtq29sKDAEYP7aljRgtPOpTvOfbwRWlS6dPRzwjdE+C0R4brX/GUyhHSecbHMFLNBLcJIPt9nl9yG5TZ1weH+Q==" },
    "node_modules/vitest": { "version": "2.0.5", "dev": true, "resolved": "https://registry.npmjs.org/vitest/-/vitest-2.0.5.tgz", "integrity": "sha512-8GUxONfauuIdeSl5XUrlbNdVhQOe6oFmjZVw2OPsmy5vfYyFJf/+7Ys8XDtAsN0mn7/4RUtNAcq4IF+hDbGPgg==" }
  }
}
